
Microsoft Visual Studio Solution File, Format Version 12.00
# Visual Studio 15
Project("{FAE04EC0-301F-11D3-BF4B-00C04F79EFBC}") = "Android Game Try", "Android Game Try.csproj", "{4EB45AFB-F49F-B83A-91E0-0C23BAE23C5F}"
EndProject
Global
	GlobalSection(SolutionConfigurationPlatforms) = preSolution
		Debug|Any CPU = Debug|Any CPU
		Release|Any CPU = Release|Any CPU
	EndGlobalSection
	GlobalSection(ProjectConfigurationPlatforms) = postSolution
		{4EB45AFB-F49F-B83A-91E0-0C23BAE23C5F}.Debug|Any CPU.ActiveCfg = Debug|Any CPU
		{4EB45AFB-F49F-B83A-91E0-0C23BAE23C5F}.Debug|Any CPU.Build.0 = Debug|Any CPU
		{4EB45AFB-F49F-B83A-91E0-0C23BAE23C5F}.Release|Any CPU.ActiveCfg = Release|Any CPU
		{4EB45AFB-F49F-B83A-91E0-0C23BAE23C5F}.Release|Any CPU.Build.0 = Release|Any CPU
	EndGlobalSection
	GlobalSection(SolutionProperties) = preSolution
		HideSolutionNode = FALSE
	EndGlobalSection
EndGlobal
